
Microsoft Visual Studio Solution File, Format Version 12.00
Project("{FAE04EC0-301F-11D3-BF4B-00C04F79EFBC}") = "OprawaObrazow", "OprawaObrazow\OprawaObrazow.csproj", "{021DA395-5BE2-4ACB-A0B6-F5C8D7681BB2}"
EndProject
Project("{2150E333-8FDC-42A3-9474-1A3956D46DE8}") = "Solution Items", "Solution Items", "{14A91457-B4F1-48FA-BD77-499C84B7A3C2}"
	ProjectSection(SolutionItems) = preProject
		compose.yaml = compose.yaml
		.github\workflows\master_oprawa-api.yml = .github\workflows\master_oprawa-api.yml
	EndProjectSection
EndProject
Project("{FAE04EC0-301F-11D3-BF4B-00C04F79EFBC}") = "OprawaObrazow.Tests", "OprawaObrazow.Tests\OprawaObrazow.Tests.csproj", "{F8735949-9D00-40FC-BCF6-2261B13D6359}"
EndProject
Global
	GlobalSection(SolutionConfigurationPlatforms) = preSolution
		Debug|Any CPU = Debug|Any CPU
		Debug|x64 = Debug|x64
		Debug|x86 = Debug|x86
		Release|Any CPU = Release|Any CPU
		Release|x64 = Release|x64
		Release|x86 = Release|x86
	EndGlobalSection
	GlobalSection(ProjectConfigurationPlatforms) = postSolution
		{021DA395-5BE2-4ACB-A0B6-F5C8D7681BB2}.Debug|Any CPU.ActiveCfg = Debug|Any CPU
		{021DA395-5BE2-4ACB-A0B6-F5C8D7681BB2}.Debug|Any CPU.Build.0 = Debug|Any CPU
		{021DA395-5BE2-4ACB-A0B6-F5C8D7681BB2}.Debug|x64.ActiveCfg = Debug|Any CPU
		{021DA395-5BE2-4ACB-A0B6-F5C8D7681BB2}.Debug|x64.Build.0 = Debug|Any CPU
		{021DA395-5BE2-4ACB-A0B6-F5C8D7681BB2}.Debug|x86.ActiveCfg = Debug|Any CPU
		{021DA395-5BE2-4ACB-A0B6-F5C8D7681BB2}.Debug|x86.Build.0 = Debug|Any CPU
		{021DA395-5BE2-4ACB-A0B6-F5C8D7681BB2}.Release|Any CPU.ActiveCfg = Release|Any CPU
		{021DA395-5BE2-4ACB-A0B6-F5C8D7681BB2}.Release|Any CPU.Build.0 = Release|Any CPU
		{021DA395-5BE2-4ACB-A0B6-F5C8D7681BB2}.Release|x64.ActiveCfg = Release|Any CPU
		{021DA395-5BE2-4ACB-A0B6-F5C8D7681BB2}.Release|x64.Build.0 = Release|Any CPU
		{021DA395-5BE2-4ACB-A0B6-F5C8D7681BB2}.Release|x86.ActiveCfg = Release|Any CPU
		{021DA395-5BE2-4ACB-A0B6-F5C8D7681BB2}.Release|x86.Build.0 = Release|Any CPU
		{F8735949-9D00-40FC-BCF6-2261B13D6359}.Debug|Any CPU.ActiveCfg = Debug|Any CPU
		{F8735949-9D00-40FC-BCF6-2261B13D6359}.Debug|Any CPU.Build.0 = Debug|Any CPU
		{F8735949-9D00-40FC-BCF6-2261B13D6359}.Debug|x64.ActiveCfg = Debug|Any CPU
		{F8735949-9D00-40FC-BCF6-2261B13D6359}.Debug|x64.Build.0 = Debug|Any CPU
		{F8735949-9D00-40FC-BCF6-2261B13D6359}.Debug|x86.ActiveCfg = Debug|Any CPU
		{F8735949-9D00-40FC-BCF6-2261B13D6359}.Debug|x86.Build.0 = Debug|Any CPU
		{F8735949-9D00-40FC-BCF6-2261B13D6359}.Release|Any CPU.ActiveCfg = Release|Any CPU
		{F8735949-9D00-40FC-BCF6-2261B13D6359}.Release|Any CPU.Build.0 = Release|Any CPU
		{F8735949-9D00-40FC-BCF6-2261B13D6359}.Release|x64.ActiveCfg = Release|Any CPU
		{F8735949-9D00-40FC-BCF6-2261B13D6359}.Release|x64.Build.0 = Release|Any CPU
		{F8735949-9D00-40FC-BCF6-2261B13D6359}.Release|x86.ActiveCfg = Release|Any CPU
		{F8735949-9D00-40FC-BCF6-2261B13D6359}.Release|x86.Build.0 = Release|Any CPU
	EndGlobalSection
	GlobalSection(SolutionProperties) = preSolution
		HideSolutionNode = FALSE
	EndGlobalSection
EndGlobal
